github.com/CC11001100/go-compare-anything v0.0.0-20221023140235-4a9005fb29c1 h1:KTf3wE7+pUWfixxoaYr31X2cw5ojcbZX/w1vOVDxVno=
github.com/CC11001100/go-compare-anything v0.0.0-20221023140235-4a9005fb29c1/go.mod h1:G5t1oskrtz/RGZ1nCMh+jMvbTIPzYlMXYBDtwRqaIpI=
github.com/CC11001100/go-compare-anything v0.0.0-20221103061722-5c2ff3f4c391 h1:MJ+r6VdiUEFmt8278RmZTdVbFngXHIp2vM/MGBikjZc=
github.com/CC11001100/go-compare-anything v0.0.0-20221103061722-5c2ff3f4c391/go.mod h1:G5t1oskrtz/RGZ1nCMh+jMvbTIPzYlMXYBDtwRqaIpI=
github.com/CC11001100/go-compare-anything v0.0.0-20221103065001-126b9ae28994 h1:tA4wVWaMt0oBQfcRyHQEJpg+KScrLpZfMMQEaJ/BwlY=
github.com/CC11001100/go-compare-anything v0.0.0-20221103065001-126b9ae28994/go.mod h1:G5t1oskrtz/RGZ1nCMh+jMvbTIPzYlMXYBDtwRqaIpI=
github.com/CC11001100/go-heap v0.0.1 h1:Jv2L3+X53LjK+Cl5/wQUbvVcwM0gLOuCxRivq84vYaQ=
github.com/CC11001100/go-heap v0.0.1/go.mod h1:t0XDJArw2Zk+0yQRQAblMI+mHiyi31to2v+7GWZt5qM=
github.com/CC11001100/go-maths v0.0.0-20221103061340-74e20d7d9917 h1:f6KyaKS8xMrC7Sf56eXrLBPijhQO777VALuQvFGud4Y=
github.com/CC11001100/go-maths v0.0.0-20221103061340-74e20d7d9917/go.mod h1:X5BlX+4v5SbGRr9Xkih3rj7TeAW9RBIKDYf+CfHw4s0=
github.com/CC11001100/go-tuple v0.0.0-20221025181343-7a120fb3ae23 h1:f7Esd50G9Btbbk6gFl0PIOyLODqpjWhfYKuunsHUP+o=
github.com/CC11001100/go-tuple v0.0.0-20221025181343-7a120fb3ae23/go.mod h1:2XNATud3EvSefo3YSzbZVmmix3/7y7VzMPHNRZqhXUo=
github.com/davecgh/go-spew v1.1.0/go.mod h1:J7Y8YcW2NihsgmVo/mv3lAwl/skON4iLHjSsI+c5H38=
github.com/davecgh/go-spew v1.1.1 h1:vj9j/u1bqnvCEfJOwUhtlOARqs3+rkHYY13jYWTU97c=
github.com/davecgh/go-spew v1.1.1/go.mod h1:J7Y8YcW2NihsgmVo/mv3lAwl/skON4iLHjSsI+c5H38=
github.com/pmezard/go-difflib v1.0.0 h1:4DBwDE0NGyQoBHbLQYPwSUPoCMWR5BEzIk/f1lZbAQM=
github.com/pmezard/go-difflib v1.0.0/go.mod h1:iKH77koFhYxTK1pcRnkKkqfTogsbg7gZNVY4sRDYZ/4=
github.com/stretchr/objx v0.1.0/go.mod h1:HFkY916IF+rwdDfMAkV7OtwuqBVzrE8GR6GFx+wExME=
github.com/stretchr/objx v0.4.0/go.mod h1:YvHI0jy2hoMjB+UWwv71VJQ9isScKT/TqJzVSSt89Yw=
github.com/stretchr/testify v1.7.1/go.mod h1:6Fq8oRcR53rry900zMqJjRRixrwX3KX962/h/Wwjteg=
github.com/stretchr/testify v1.8.0 h1:pSgiaMZlXftHpm5L7V1+rVB+AZJydKsMxsQBIJw4PKk=
github.com/stretchr/testify v1.8.0/go.mod h1:yNjHg4UonilssWZ8iaSj1OCr/vHnekPRkoO+kdMU+MU=
github.com/yuin/goldmark v1.4.13 h1:fVcFKWvrslecOb/tg+Cc05dkeYx540o0FuFt3nUVDoE=
github.com/yuin/goldmark v1.4.13/go.mod h1:6yULJ656Px+3vBD8DxQVa3kxgyrAnzto9xy5taEt/CY=
golang.org/x/exp v0.0.0-20221031165847-c99f073a8326 h1:QfTh0HpN6hlw6D3vu8DAwC8pBIwikq0AI1evdm+FksE=
golang.org/x/exp v0.0.0-20221031165847-c99f073a8326/go.mod h1:CxIveKay+FTh1D0yPZemJVgC/95VzuuOLq5Qi4xnoYc=
golang.org/x/mod v0.6.0 h1:b9gGHsz9/HhJ3HF5DHQytPpuwocVTChQJK3AvoLRD5I=
golang.org/x/mod v0.6.0/go.mod h1:4mET923SAdbXp2ki8ey+zGs1SLqsuM2Y0uvdZR/fUNI=
golang.org/x/sys v0.1.0 h1:kunALQeHf1/185U1i0GOB/fy1IPRDDpuoOOqRReG57U=
golang.org/x/sys v0.1.0/go.mod h1:oPkhp1MJrh7nUepCBck5+mAzfO9JrbApNNgaTdGDITg=
golang.org/x/tools v0.2.0 h1:G6AHpWxTMGY1KyEYoAQ5WTtIekUUvDNjan3ugu60JvE=
golang.org/x/tools v0.2.0/go.mod h1:y4OqIKeOV/fWJetJ8bXPU1sEVniLMIyDAZWeHdV+NTA=
gopkg.in/check.v1 v0.0.0-20161208181325-20d25e280405 h1:yhCVgyC4o1eVCa2tZl7eS0r+SDo693bJlVdllGtEeKM=
gopkg.in/check.v1 v0.0.0-20161208181325-20d25e280405/go.mod h1:Co6ibVJAznAaIkqp8huTwlJQCZ016jof/cbN4VW5Yz0=
gopkg.in/yaml.v3 v3.0.0-20200313102051-9f266ea9e77c/go.mod h1:K4uyk7z7BCEPqu6E+C64Yfv1cQ7kz7rIZviUmN+EgEM=
gopkg.in/yaml.v3 v3.0.1 h1:fxVm/GzAzEWqLHuvctI91KS9hhNmmWOoWu0XTYJS7CA=
gopkg.in/yaml.v3 v3.0.1/go.mod h1:K4uyk7z7BCEPqu6E+C64Yfv1cQ7kz7rIZviUmN+EgEM=
